
Microsoft Visual Studio Solution File, Format Version 12.00
# Visual Studio Version 16
VisualStudioVersion = 16.0.28803.352
MinimumVisualStudioVersion = 10.0.40219.1
Project("{FAE04EC0-301F-11D3-BF4B-00C04F79EFBC}") = "hola mundo", "hola mundo\hola mundo.csproj", "{9C2D7D21-E2FD-4D79-AA3D-7C227BC32D55}"
EndProject
Global
	GlobalSection(SolutionConfigurationPlatforms) = preSolution
		Debug|Any CPU = Debug|Any CPU
		Release|Any CPU = Release|Any CPU
	EndGlobalSection
	GlobalSection(ProjectConfigurationPlatforms) = postSolution
		{9C2D7D21-E2FD-4D79-AA3D-7C227BC32D55}.Debug|Any CPU.ActiveCfg = Debug|Any CPU
		{9C2D7D21-E2FD-4D79-AA3D-7C227BC32D55}.Debug|Any CPU.Build.0 = Debug|Any CPU
		{9C2D7D21-E2FD-4D79-AA3D-7C227BC32D55}.Release|Any CPU.ActiveCfg = Release|Any CPU
		{9C2D7D21-E2FD-4D79-AA3D-7C227BC32D55}.Release|Any CPU.Build.0 = Release|Any CPU
	EndGlobalSection
	GlobalSection(SolutionProperties) = preSolution
		HideSolutionNode = FALSE
	EndGlobalSection
	GlobalSection(ExtensibilityGlobals) = postSolution
		SolutionGuid = {090873CE-EF27-445C-B9C7-6590AA9565A0}
	EndGlobalSection
EndGlobal
