
Microsoft Visual Studio Solution File, Format Version 12.00
# Visual Studio 15
VisualStudioVersion = 15.0.28307.329
MinimumVisualStudioVersion = 10.0.40219.1
Project("{FAE04EC0-301F-11D3-BF4B-00C04F79EFBC}") = "Biblioteca", "Biblioteca\Biblioteca.csproj", "{A5045DF6-21AD-4CC1-9B59-B8970663969A}"
EndProject
Global
	GlobalSection(SolutionConfigurationPlatforms) = preSolution
		Debug|Any CPU = Debug|Any CPU
		Release|Any CPU = Release|Any CPU
	EndGlobalSection
	GlobalSection(ProjectConfigurationPlatforms) = postSolution
		{A5045DF6-21AD-4CC1-9B59-B8970663969A}.Debug|Any CPU.ActiveCfg = Debug|Any CPU
		{A5045DF6-21AD-4CC1-9B59-B8970663969A}.Debug|Any CPU.Build.0 = Debug|Any CPU
		{A5045DF6-21AD-4CC1-9B59-B8970663969A}.Release|Any CPU.ActiveCfg = Release|Any CPU
		{A5045DF6-21AD-4CC1-9B59-B8970663969A}.Release|Any CPU.Build.0 = Release|Any CPU
	EndGlobalSection
	GlobalSection(SolutionProperties) = preSolution
		HideSolutionNode = FALSE
	EndGlobalSection
	GlobalSection(ExtensibilityGlobals) = postSolution
		SolutionGuid = {446153CF-06CF-4F1B-8D36-C8F4EBAD0914}
	EndGlobalSection
EndGlobal
