
Microsoft Visual Studio Solution File, Format Version 12.00
# Visual Studio 15
VisualStudioVersion = 15.0.28307.489
MinimumVisualStudioVersion = 10.0.40219.1
Project("{FAE04EC0-301F-11D3-BF4B-00C04F79EFBC}") = "ParcialesWeb", "ParcialesWeb\ParcialesWeb.csproj", "{0E88BC28-3A3E-4ACE-8430-6253A27428D2}"
EndProject
Project("{FAE04EC0-301F-11D3-BF4B-00C04F79EFBC}") = "ModelsK", "ModelsK\ModelsK.csproj", "{65748075-1448-40A5-94CB-987DC2B29703}"
EndProject
Global
	GlobalSection(SolutionConfigurationPlatforms) = preSolution
		Debug|Any CPU = Debug|Any CPU
		Release|Any CPU = Release|Any CPU
	EndGlobalSection
	GlobalSection(ProjectConfigurationPlatforms) = postSolution
		{0E88BC28-3A3E-4ACE-8430-6253A27428D2}.Debug|Any CPU.ActiveCfg = Debug|Any CPU
		{0E88BC28-3A3E-4ACE-8430-6253A27428D2}.Debug|Any CPU.Build.0 = Debug|Any CPU
		{0E88BC28-3A3E-4ACE-8430-6253A27428D2}.Release|Any CPU.ActiveCfg = Release|Any CPU
		{0E88BC28-3A3E-4ACE-8430-6253A27428D2}.Release|Any CPU.Build.0 = Release|Any CPU
		{65748075-1448-40A5-94CB-987DC2B29703}.Debug|Any CPU.ActiveCfg = Debug|Any CPU
		{65748075-1448-40A5-94CB-987DC2B29703}.Debug|Any CPU.Build.0 = Debug|Any CPU
		{65748075-1448-40A5-94CB-987DC2B29703}.Release|Any CPU.ActiveCfg = Release|Any CPU
		{65748075-1448-40A5-94CB-987DC2B29703}.Release|Any CPU.Build.0 = Release|Any CPU
	EndGlobalSection
	GlobalSection(SolutionProperties) = preSolution
		HideSolutionNode = FALSE
	EndGlobalSection
	GlobalSection(ExtensibilityGlobals) = postSolution
		SolutionGuid = {0035E232-4325-4B0F-ADCB-B1EB74BBBA26}
	EndGlobalSection
EndGlobal
