
Microsoft Visual Studio Solution File, Format Version 12.00
# Visual Studio 15
VisualStudioVersion = 15.0.28307.329
MinimumVisualStudioVersion = 10.0.40219.1
Project("{FAE04EC0-301F-11D3-BF4B-00C04F79EFBC}") = "Parciales", "Parciales\Parciales.csproj", "{6C6AD9AC-6E3A-488D-BB98-37C4571C4422}"
EndProject
Global
	GlobalSection(SolutionConfigurationPlatforms) = preSolution
		Debug|Any CPU = Debug|Any CPU
		Release|Any CPU = Release|Any CPU
	EndGlobalSection
	GlobalSection(ProjectConfigurationPlatforms) = postSolution
		{6C6AD9AC-6E3A-488D-BB98-37C4571C4422}.Debug|Any CPU.ActiveCfg = Debug|Any CPU
		{6C6AD9AC-6E3A-488D-BB98-37C4571C4422}.Debug|Any CPU.Build.0 = Debug|Any CPU
		{6C6AD9AC-6E3A-488D-BB98-37C4571C4422}.Release|Any CPU.ActiveCfg = Release|Any CPU
		{6C6AD9AC-6E3A-488D-BB98-37C4571C4422}.Release|Any CPU.Build.0 = Release|Any CPU
	EndGlobalSection
	GlobalSection(SolutionProperties) = preSolution
		HideSolutionNode = FALSE
	EndGlobalSection
	GlobalSection(ExtensibilityGlobals) = postSolution
		SolutionGuid = {E2318D32-8AE4-4CCF-B861-4C7FC7D13776}
	EndGlobalSection
EndGlobal
